// !$*UTF8*$!
{
	archiveVersion = 1;
	classes = {
	};
	objectVersion = 46;
	objects = {

/* Begin PBXBuildFile section */
		1DC293D619D0F245009C23BC /* AppDelegate.swift in Sources */ = {isa = PBXBuildFile; fileRef = 1DC293D519D0F245009C23BC /* AppDelegate.swift */; };
		1DC293D819D0F245009C23BC /* ViewController.swift in Sources */ = {isa = PBXBuildFile; fileRef = 1DC293D719D0F245009C23BC /* ViewController.swift */; };
		1DC293DB19D0F245009C23BC /* Main.storyboard in Resources */ = {isa = PBXBuildFile; fileRef = 1DC293D919D0F245009C23BC /* Main.storyboard */; };
		1DC293DD19D0F245009C23BC /* Images.xcassets in Resources */ = {isa = PBXBuildFile; fileRef = 1DC293DC19D0F245009C23BC /* Images.xcassets */; };
		1DC293E019D0F245009C23BC /* LaunchScreen.xib in Resources */ = {isa = PBXBuildFile; fileRef = 1DC293DE19D0F245009C23BC /* LaunchScreen.xib */; };
		1DC293EC19D0F246009C23BC /* ProfilePictureExampleTests.swift in Sources */ = {isa = PBXBuildFile; fileRef = 1DC293EB19D0F246009C23BC /* ProfilePictureExampleTests.swift */; };
/* End PBXBuildFile section */

/* Begin PBXContainerItemProxy section */
		1DC293E619D0F246009C23BC /* PBXContainerItemProxy */ = {
			isa = PBXContainerItemProxy;
			containerPortal = 1DC293C819D0F245009C23BC /* Project object */;
			proxyType = 1;
			remoteGlobalIDString = 1DC293CF19D0F245009C23BC;
			remoteInfo = ProfilePictureExample;
		};
/* End PBXContainerItemProxy section */

/* Begin PBXFileReference section */
		1DC293D019D0F245009C23BC /* ProfilePictureExample.app */ = {isa = PBXFileReference; explicitFileType = wrapper.application; includeInIndex = 0; path = ProfilePictureExample.app; sourceTree = BUILT_PRODUCTS_DIR; };
		1DC293D419D0F245009C23BC /* Info.plist */ = {isa = PBXFileReference; lastKnownFileType = text.plist.xml; path = Info.plist; sourceTree = "<group>"; };
		1DC293D519D0F245009C23BC /* AppDelegate.swift */ = {isa = PBXFileReference; lastKnownFileType = sourcecode.swift; path = AppDelegate.swift; sourceTree = "<group>"; };
		1DC293D719D0F245009C23BC /* ViewController.swift */ = {isa = PBXFileReference; lastKnownFileType = sourcecode.swift; path = ViewController.swift; sourceTree = "<group>"; };
		1DC293DA19D0F245009C23BC /* Base */ = {isa = PBXFileReference; lastKnownFileType = file.storyboard; name = Base; path = Base.lproj/Main.storyboard; sourceTree = "<group>"; };
		1DC293DC19D0F245009C23BC /* Images.xcassets */ = {isa = PBXFileReference; lastKnownFileType = folder.assetcatalog; path = Images.xcassets; sourceTree = "<group>"; };
		1DC293DF19D0F245009C23BC /* Base */ = {isa = PBXFileReference; lastKnownFileType = file.xib; name = Base; path = Base.lproj/LaunchScreen.xib; sourceTree = "<group>"; };
		1DC293E519D0F246009C23BC /* ProfilePictureExampleTests.xctest */ = {isa = PBXFileReference; explicitFileType = wrapper.cfbundle; includeInIndex = 0; path = ProfilePictureExampleTests.xctest; sourceTree = BUILT_PRODUCTS_DIR; };
		1DC293EA19D0F246009C23BC /* Info.plist */ = {isa = PBXFileReference; lastKnownFileType = text.plist.xml; path = Info.plist; sourceTree = "<group>"; };
		1DC293EB19D0F246009C23BC /* ProfilePictureExampleTests.swift */ = {isa = PBXFileReference; lastKnownFileType = sourcecode.swift; path = ProfilePictureExampleTests.swift; sourceTree = "<group>"; };
/* End PBXFileReference section */

/* Begin PBXFrameworksBuildPhase section */
		1DC293CD19D0F245009C23BC /* Frameworks */ = {
			isa = PBXFrameworksBuildPhase;
			buildActionMask = 2147483647;
			files = (
			);
			runOnlyForDeploymentPostprocessing = 0;
		};
		1DC293E219D0F246009C23BC /* Frameworks */ = {
			isa = PBXFrameworksBuildPhase;
			buildActionMask = 2147483647;
			files = (
			);
			runOnlyForDeploymentPostprocessing = 0;
		};
/* End PBXFrameworksBuildPhase section */

/* Begin PBXGroup section */
		1DC293C719D0F245009C23BC = {
			isa = PBXGroup;
			children = (
				1DC293D219D0F245009C23BC /* ProfilePictureExample */,
				1DC293E819D0F246009C23BC /* ProfilePictureExampleTests */,
				1DC293D119D0F245009C23BC /* Products */,
			);
			sourceTree = "<group>";
		};
		1DC293D119D0F245009C23BC /* Products */ = {
			isa = PBXGroup;
			children = (
				1DC293D019D0F245009C23BC /* ProfilePictureExample.app */,
				1DC293E519D0F246009C23BC /* ProfilePictureExampleTests.xctest */,
			);
			name = Products;
			sourceTree = "<group>";
		};
		1DC293D219D0F245009C23BC /* ProfilePictureExample */ = {
			isa = PBXGroup;
			children = (
				1DC293D519D0F245009C23BC /* AppDelegate.swift */,
				1DC293D719D0F245009C23BC /* ViewController.swift */,
				1DC293D919D0F245009C23BC /* Main.storyboard */,
				1DC293DC19D0F245009C23BC /* Images.xcassets */,
				1DC293DE19D0F245009C23BC /* LaunchScreen.xib */,
				1DC293D319D0F245009C23BC /* Supporting Files */,
			);
			path = ProfilePictureExample;
			sourceTree = "<group>";
		};
		1DC293D319D0F245009C23BC /* Supporting Files */ = {
			isa = PBXGroup;
			children = (
				1DC293D419D0F245009C23BC /* Info.plist */,
			);
			name = "Supporting Files";
			sourceTree = "<group>";
		};
		1DC293E819D0F246009C23BC /* ProfilePictureExampleTests */ = {
			isa = PBXGroup;
			children = (
				1DC293EB19D0F246009C23BC /* ProfilePictureExampleTests.swift */,
				1DC293E919D0F246009C23BC /* Supporting Files */,
			);
			path = ProfilePictureExampleTests;
			sourceTree = "<group>";
		};
		1DC293E919D0F246009C23BC /* Supporting Files */ = {
			isa = PBXGroup;
			children = (
				1DC293EA19D0F246009C23BC /* Info.plist */,
			);
			name = "Supporting Files";
			sourceTree = "<group>";
		};
/* End PBXGroup section */

/* Begin PBXNativeTarget section */
		1DC293CF19D0F245009C23BC /* ProfilePictureExample */ = {
			isa = PBXNativeTarget;
			buildConfigurationList = 1DC293EF19D0F246009C23BC /* Build configuration list for PBXNativeTarget "ProfilePictureExample" */;
			buildPhases = (
				1DC293CC19D0F245009C23BC /* Sources */,
				1DC293CD19D0F245009C23BC /* Frameworks */,
				1DC293CE19D0F245009C23BC /* Resources */,
			);
			buildRules = (
			);
			dependencies = (
			);
			name = ProfilePictureExample;
			productName = ProfilePictureExample;
			productReference = 1DC293D019D0F245009C23BC /* ProfilePictureExample.app */;
			productType = "com.apple.product-type.application";
		};
		1DC293E419D0F246009C23BC /* ProfilePictureExampleTests */ = {
			isa = PBXNativeTarget;
			buildConfigurationList = 1DC293F219D0F246009C23BC /* Build configuration list for PBXNativeTarget "ProfilePictureExampleTests" */;
			buildPhases = (
				1DC293E119D0F246009C23BC /* Sources */,
				1DC293E219D0F246009C23BC /* Frameworks */,
				1DC293E319D0F246009C23BC /* Resources */,
			);
			buildRules = (
			);
			dependencies = (
				1DC293E719D0F246009C23BC /* PBXTargetDependency */,
			);
			name = ProfilePictureExampleTests;
			productName = ProfilePictureExampleTests;
			productReference = 1DC293E519D0F246009C23BC /* ProfilePictureExampleTests.xctest */;
			productType = "com.apple.product-type.bundle.unit-test";
		};
/* End PBXNativeTarget section */

/* Begin PBXProject section */
		1DC293C819D0F245009C23BC /* Project object */ = {
			isa = PBXProject;
			attributes = {
				LastUpgradeCheck = 0600;
				ORGANIZATIONNAME = "Andrew Udell";
				TargetAttributes = {
					1DC293CF19D0F245009C23BC = {
						CreatedOnToolsVersion = 6.0;
					};
					1DC293E419D0F246009C23BC = {
						CreatedOnToolsVersion = 6.0;
						TestTargetID = 1DC293CF19D0F245009C23BC;
					};
				};
			};
			buildConfigurationList = 1DC293CB19D0F245009C23BC /* Build configuration list for PBXProject "ProfilePictureExample" */;
			compatibilityVersion = "Xcode 3.2";
			developmentRegion = English;
			hasScannedForEncodings = 0;
			knownRegions = (
				en,
				Base,
			);
			mainGroup = 1DC293C719D0F245009C23BC;
			productRefGroup = 1DC293D119D0F245009C23BC /* Products */;
			projectDirPath = "";
			projectRoot = "";
			targets = (
				1DC293CF19D0F245009C23BC /* ProfilePictureExample */,
				1DC293E419D0F246009C23BC /* ProfilePictureExampleTests */,
			);
		};
/* End PBXProject section */

/* Begin PBXResourcesBuildPhase section */
		1DC293CE19D0F245009C23BC /* Resources */ = {
			isa = PBXResourcesBuildPhase;
			buildActionMask = 2147483647;
			files = (
				1DC293DB19D0F245009C23BC /* Main.storyboard in Resources */,
				1DC293E019D0F245009C23BC /* LaunchScreen.xib in Resources */,
				1DC293DD19D0F245009C23BC /* Images.xcassets in Resources */,
			);
			runOnlyForDeploymentPostprocessing = 0;
		};
		1DC293E319D0F246009C23BC /* Resources */ = {
			isa = PBXResourcesBuildPhase;
			buildActionMask = 2147483647;
			files = (
			);
			runOnlyForDeploymentPostprocessing = 0;
		};
/* End PBXResourcesBuildPhase section */

/* Begin PBXSourcesBuildPhase section */
		1DC293CC19D0F245009C23BC /* Sources */ = {
			isa = PBXSourcesBuildPhase;
			buildActionMask = 2147483647;
			files = (
				1DC293D819D0F245009C23BC /* ViewController.swift in Sources */,
				1DC293D619D0F245009C23BC /* AppDelegate.swift in Sources */,
			);
			runOnlyForDeploymentPostprocessing = 0;
		};
		1DC293E119D0F246009C23BC /* Sources */ = {
			isa = PBXSourcesBuildPhase;
			buildActionMask = 2147483647;
			files = (
				1DC293EC19D0F246009C23BC /* ProfilePictureExampleTests.swift in Sources */,
			);
			runOnlyForDeploymentPostprocessing = 0;
		};
/* End PBXSourcesBuildPhase section */

/* Begin PBXTargetDependency section */
		1DC293E719D0F246009C23BC /* PBXTargetDependency */ = {
			isa = PBXTargetDependency;
			target = 1DC293CF19D0F245009C23BC /* ProfilePictureExample */;
			targetProxy = 1DC293E619D0F246009C23BC /* PBXContainerItemProxy */;
		};
/* End PBXTargetDependency section */

/* Begin PBXVariantGroup section */
		1DC293D919D0F245009C23BC /* Main.storyboard */ = {
			isa = PBXVariantGroup;
			children = (
				1DC293DA19D0F245009C23BC /* Base */,
			);
			name = Main.storyboard;
			sourceTree = "<group>";
		};
		1DC293DE19D0F245009C23BC /* LaunchScreen.xib */ = {
			isa = PBXVariantGroup;
			children = (
				1DC293DF19D0F245009C23BC /* Base */,
			);
			name = LaunchScreen.xib;
			sourceTree = "<group>";
		};
/* End PBXVariantGroup section */

/* Begin XCBuildConfiguration section */
		1DC293ED19D0F246009C23BC /* Debug */ = {
			isa = XCBuildConfiguration;
			buildSettings = {
				ALWAYS_SEARCH_USER_PATHS = NO;
				CLANG_CXX_LANGUAGE_STANDARD = "gnu++0x";
				CLANG_CXX_LIBRARY = "libc++";
				CLANG_ENABLE_MODULES = YES;
				CLANG_ENABLE_OBJC_ARC = YES;
				CLANG_WARN_BOOL_CONVERSION = YES;
				CLANG_WARN_CONSTANT_CONVERSION = YES;
				CLANG_WARN_DIRECT_OBJC_ISA_USAGE = YES_ERROR;
				CLANG_WARN_EMPTY_BODY = YES;
				CLANG_WARN_ENUM_CONVERSION = YES;
				CLANG_WARN_INT_CONVERSION = YES;
				CLANG_WARN_OBJC_ROOT_CLASS = YES_ERROR;
				CLANG_WARN_UNREACHABLE_CODE = YES;
				CLANG_WARN__DUPLICATE_METHOD_MATCH = YES;
				"CODE_SIGN_IDENTITY[sdk=iphoneos*]" = "iPhone Developer";
				COPY_PHASE_STRIP = NO;
				ENABLE_STRICT_OBJC_MSGSEND = YES;
				GCC_C_LANGUAGE_STANDARD = gnu99;
				GCC_DYNAMIC_NO_PIC = NO;
				GCC_OPTIMIZATION_LEVEL = 0;
				GCC_PREPROCESSOR_DEFINITIONS = (
					"DEBUG=1",
					"$(inherited)",
				);
				GCC_SYMBOLS_PRIVATE_EXTERN = NO;
				GCC_WARN_64_TO_32_BIT_CONVERSION = YES;
				GCC_WARN_ABOUT_RETURN_TYPE = YES_ERROR;
				GCC_WARN_UNDECLARED_SELECTOR = YES;
				GCC_WARN_UNINITIALIZED_AUTOS = YES_AGGRESSIVE;
				GCC_WARN_UNUSED_FUNCTION = YES;
				GCC_WARN_UNUSED_VARIABLE = YES;
				IPHONEOS_DEPLOYMENT_TARGET = 8.0;
				MTL_ENABLE_DEBUG_INFO = YES;
				ONLY_ACTIVE_ARCH = YES;
				SDKROOT = iphoneos;
				SWIFT_OPTIMIZATION_LEVEL = "-Onone";
			};
			name = Debug;
		};
		1DC293EE19D0F246009C23BC /* Release */ = {
			isa = XCBuildConfiguration;
			buildSettings = {
				ALWAYS_SEARCH_USER_PATHS = NO;
				CLANG_CXX_LANGUAGE_STANDARD = "gnu++0x";
				CLANG_CXX_LIBRARY = "libc++";
				CLANG_ENABLE_MODULES = YES;
				CLANG_ENABLE_OBJC_ARC = YES;
				CLANG_WARN_BOOL_CONVERSION = YES;
				CLANG_WARN_CONSTANT_CONVERSION = YES;
				CLANG_WARN_DIRECT_OBJC_ISA_USAGE = YES_ERROR;
				CLANG_WARN_EMPTY_BODY = YES;
				CLANG_WARN_ENUM_CONVERSION = YES;
				CLANG_WARN_INT_CONVERSION = YES;
				CLANG_WARN_OBJC_ROOT_CLASS = YES_ERROR;
				CLANG_WARN_UNREACHABLE_CODE = YES;
				CLANG_WARN__DUPLICATE_METHOD_MATCH = YES;
				"CODE_SIGN_IDENTITY[sdk=iphoneos*]" = "iPhone Developer";
				COPY_PHASE_STRIP = YES;
				ENABLE_NS_ASSERTIONS = NO;
				ENABLE_STRICT_OBJC_MSGSEND = YES;
				GCC_C_LANGUAGE_STANDARD = gnu99;
				GCC_WARN_64_TO_32_BIT_CONVERSION = YES;
				GCC_WARN_ABOUT_RETURN_TYPE = YES_ERROR;
				GCC_WARN_UNDECLARED_SELECTOR = YES;
				GCC_WARN_UNINITIALIZED_AUTOS = YES_AGGRESSIVE;
				GCC_WARN_UNUSED_FUNCTION = YES;
				GCC_WARN_UNUSED_VARIABLE = YES;
				IPHONEOS_DEPLOYMENT_TARGET = 8.0;
				MTL_ENABLE_DEBUG_INFO = NO;
				SDKROOT = iphoneos;
				VALIDATE_PRODUCT = YES;
			};
			name = Release;
		};
		1DC293F019D0F246009C23BC /* Debug */ = {
			isa = XCBuildConfiguration;
			buildSettings = {
				ASSETCATALOG_COMPILER_APPICON_NAME = AppIcon;
				INFOPLIST_FILE = ProfilePictureExample/Info.plist;
				LD_RUNPATH_SEARCH_PATHS = "$(inherited) @executable_path/Frameworks";
				PRODUCT_NAME = "$(TARGET_NAME)";
			};
			name = Debug;
		};
		1DC293F119D0F246009C23BC /* Release */ = {
			isa = XCBuildConfiguration;
			buildSettings = {
				ASSETCATALOG_COMPILER_APPICON_NAME = AppIcon;
				INFOPLIST_FILE = ProfilePictureExample/Info.plist;
				LD_RUNPATH_SEARCH_PATHS = "$(inherited) @executable_path/Frameworks";
				PRODUCT_NAME = "$(TARGET_NAME)";
			};
			name = Release;
		};
		1DC293F319D0F246009C23BC /* Debug */ = {
			isa = XCBuildConfiguration;
			buildSettings = {
				BUNDLE_LOADER = "$(TEST_HOST)";
				FRAMEWORK_SEARCH_PATHS = (
					"$(SDKROOT)/Developer/Library/Frameworks",
					"$(inherited)",
				);
				GCC_PREPROCESSOR_DEFINITIONS = (
					"DEBUG=1",
					"$(inherited)",
				);
				INFOPLIST_FILE = ProfilePictureExampleTests/Info.plist;
				LD_RUNPATH_SEARCH_PATHS = "$(inherited) @executable_path/Frameworks @loader_path/Frameworks";
				PRODUCT_NAME = "$(TARGET_NAME)";
				TEST_HOST = "$(BUILT_PRODUCTS_DIR)/ProfilePictureExample.app/ProfilePictureExample";
			};
			name = Debug;
		};
		1DC293F419D0F246009C23BC /* Release */ = {
			isa = XCBuildConfiguration;
			buildSettings = {
				BUNDLE_LOADER = "$(TEST_HOST)";
				FRAMEWORK_SEARCH_PATHS = (
					"$(SDKROOT)/Developer/Library/Frameworks",
					"$(inherited)",
				);
				INFOPLIST_FILE = ProfilePictureExampleTests/Info.plist;
				LD_RUNPATH_SEARCH_PATHS = "$(inherited) @executable_path/Frameworks @loader_path/Frameworks";
				PRODUCT_NAME = "$(TARGET_NAME)";
				TEST_HOST = "$(BUILT_PRODUCTS_DIR)/ProfilePictureExample.app/ProfilePictureExample";
			};
			name = Release;
		};
/* End XCBuildConfiguration section */

/* Begin XCConfigurationList section */
		1DC293CB19D0F245009C23BC /* Build configuration list for PBXProject "ProfilePictureExample" */ = {
			isa = XCConfigurationList;
			buildConfigurations = (
				1DC293ED19D0F246009C23BC /* Debug */,
				1DC293EE19D0F246009C23BC /* Release */,
			);
			defaultConfigurationIsVisible = 0;
			defaultConfigurationName = Release;
		};
		1DC293EF19D0F246009C23BC /* Build configuration list for PBXNativeTarget "ProfilePictureExample" */ = {
			isa = XCConfigurationList;
			buildConfigurations = (
				1DC293F019D0F246009C23BC /* Debug */,
				1DC293F119D0F246009C23BC /* Release */,
			);
			defaultConfigurationIsVisible = 0;
		};
		1DC293F219D0F246009C23BC /* Build configuration list for PBXNativeTarget "ProfilePictureExampleTests" */ = {
			isa = XCConfigurationList;
			buildConfigurations = (
				1DC293F319D0F246009C23BC /* Debug */,
				1DC293F419D0F246009C23BC /* Release */,
			);
			defaultConfigurationIsVisible = 0;
		};
/* End XCConfigurationList section */
	};
	rootObject = 1DC293C819D0F245009C23BC /* Project object */;
}
